# This file is autogenerated, do not edit; changes may be undone by the next 'dep ensure'.


[[projects]]
  digest = "1:137194cebcc9b67701c67df1bd5cbe85b9c5a0280dc226d68c65e166c78a429a"
  name = "cloud.google.com/go"
  packages = [
    "compute/metadata",
    "iam",
    "internal",
    "internal/optional",
    "internal/trace",
    "internal/version",
    "storage",
  ]
  pruneopts = "NUT"
  revision = "cf81fad90a1a1de334c4fc27e23eb9a4224b627a"
  version = "v0.41.0"

[[projects]]
  digest = "1:8bd40ec66a32437126e8ff3080f26b11ca5926917daa01eba1285d0b059416bc"
  name = "github.com/agext/levenshtein"
  packages = ["."]
  pruneopts = "NUT"
  revision = "0ded9c86537917af2ff89bc9c78de6bd58477894"
  version = "v1.2.2"

[[projects]]
  branch = "master"
  digest = "1:fdd419e104ec26bb5bd63cc62637c640453ed2929a7453f3afadbd9a0223da66"
  name = "github.com/alecthomas/units"
  packages = ["."]
  pruneopts = "NUT"
  revision = "c3de453c63f4bdb4dadffab9805ec00426c505f7"

[[projects]]
  digest = "1:1929b21a34400d463a99336f8e2908d2a154dc525c52411a8d99bb519942dc4c"
  name = "github.com/apparentlymart/go-cidr"
  packages = ["cidr"]
  pruneopts = "NUT"
  revision = "b1115bf8e14a60131a196f908223e4506b0ddc35"
  version = "v1.0.0"

[[projects]]
  digest = "1:ca4ebf76293ee2653f577bf737fbcbd90b07abb54c58cf786c02411413e5fa15"
  name = "github.com/apparentlymart/go-textseg"
  packages = ["textseg"]
  pruneopts = "NUT"
  revision = "fb01f485ebef760e5ee06d55e1b07534dda2d295"
  version = "v1.0.0"

[[projects]]
  digest = "1:e5ca3dcabf1452b51be600af6e2ce0a93a94978ae231af802cf9736bdbd835cb"
  name = "github.com/armon/go-radix"
  packages = ["."]
  pruneopts = "NUT"
  revision = "1a2de0c21c94309923825da3df33a4381872c795"
  version = "v1.0.0"

[[projects]]
  digest = "1:55ccd4f96e30a999041dade1a761f81e80ba1f0f22bdf9e4c847d97824989339"
  name = "github.com/aws/aws-sdk-go"
  packages = [
    "aws",
    "aws/awserr",
    "aws/awsutil",
    "aws/client",
    "aws/client/metadata",
    "aws/corehandlers",
    "aws/credentials",
    "aws/credentials/ec2rolecreds",
    "aws/credentials/endpointcreds",
    "aws/credentials/processcreds",
    "aws/credentials/stscreds",
    "aws/csm",
    "aws/defaults",
    "aws/ec2metadata",
    "aws/endpoints",
    "aws/request",
    "aws/session",
    "aws/signer/v4",
    "internal/ini",
    "internal/s3err",
    "internal/sdkio",
    "internal/sdkrand",
    "internal/sdkuri",
    "internal/shareddefaults",
    "private/protocol",
    "private/protocol/eventstream",
    "private/protocol/eventstream/eventstreamapi",
    "private/protocol/json/jsonutil",
    "private/protocol/query",
    "private/protocol/query/queryutil",
    "private/protocol/rest",
    "private/protocol/restxml",
    "private/protocol/xml/xmlutil",
    "service/s3",
    "service/sts",
  ]
  pruneopts = "NUT"
  revision = "d56b50aa9d71793a9ebf86116b12789048a7f032"
  version = "v1.20.21"

[[projects]]
  branch = "master"
  digest = "1:37011b20a70e205b93ebea5287e1afa5618db54bf3998c36ff5a8e4b146a170a"
  name = "github.com/bgentry/go-netrc"
  packages = ["netrc"]
  pruneopts = "NUT"
  revision = "9fd32a8b3d3d3f9d43c341bfe098430e07609480"

[[projects]]
  digest = "1:aef384a4c419ec6504905842b9c70c6a800d95db9eb7543f54c061f4e3aee23b"
  name = "github.com/bgentry/speakeasy"
  packages = ["."]
  pruneopts = "NUT"
  revision = "4aabc24848ce5fd31929f7d1e4ea74d3709c14cd"
  version = "v0.1.0"

[[projects]]
  digest = "1:45c41cd27a8d986998680bfc86da0bbff5fa4f90d0f446c00636c8b099028ffe"
  name = "github.com/blang/semver"
  packages = ["."]
  pruneopts = "NUT"
  revision = "ba2c2ddd89069b46a7011d4106f6868f17ee1705"
  version = "v3.6.1"

[[projects]]
  digest = "1:ffe9824d294da03b391f44e1ae8281281b4afc1bdaa9588c9097785e3af10cec"
  name = "github.com/davecgh/go-spew"
  packages = ["spew"]
  pruneopts = "NUT"
  revision = "8991bc29aa16c548c550c7ff78260e27b9ab7c73"
  version = "v1.1.1"

[[projects]]
  digest = "1:ade392a843b2035effb4b4a2efa2c3bab3eb29b992e98bacf9c898b0ecb54e45"
  name = "github.com/fatih/color"
  packages = ["."]
  pruneopts = "NUT"
  revision = "5b77d2a35fb0ede96d138fc9a99f5c9b6aef11b4"
  version = "v1.7.0"

[[projects]]
  digest = "1:75950432f44481024ba8aad85092a077420e09529762d1979cb958d84b8ab1b0"
  name = "github.com/golang/protobuf"
  packages = [
    "proto",
    "protoc-gen-go/descriptor",
    "ptypes",
    "ptypes/any",
    "ptypes/duration",
    "ptypes/timestamp",
  ]
  pruneopts = "NUT"
  revision = "6c65a5562fc06764971b7c5d05c76c75e84bdbf7"
  version = "v1.3.2"

[[projects]]
  digest = "1:bf40199583e5143d1472fc34d10d6f4b69d97572142acf343b3e43136da40823"
  name = "github.com/google/go-cmp"
  packages = [
    "cmp",
    "cmp/internal/diff",
    "cmp/internal/flags",
    "cmp/internal/function",
    "cmp/internal/value",
  ]
  pruneopts = "NUT"
  revision = "6f77996f0c42f7b84e5a2b252227263f93432e9b"
  version = "v0.3.0"

[[projects]]
  digest = "1:4b76f3e067eed897a45242383a2aa4d0a2fdbf73a8d00c03167dba80c43630b1"
  name = "github.com/googleapis/gax-go"
  packages = ["v2"]
  pruneopts = "NUT"
  revision = "bd5b16380fd03dc758d11cef74ba2e3bc8b0e8c2"
  version = "v2.0.5"

[[projects]]
  digest = "1:f0d9d74edbd40fdeada436d5ac9cb5197407899af3fef85ff0137077ffe8ae19"
  name = "github.com/hashicorp/errwrap"
  packages = ["."]
  pruneopts = "NUT"
  revision = "8a6fb523712970c966eefc6b39ed2c5e74880354"
  version = "v1.0.0"

[[projects]]
  digest = "1:fff05cb0c34d2decaeb27bb6ab6b73a6947c3009d725160070da55f9511fd410"
  name = "github.com/hashicorp/go-cleanhttp"
  packages = ["."]
  pruneopts = "NUT"
  revision = "eda1e5db218aad1db63ca4642c8906b26bcf2744"
  version = "v0.5.1"

[[projects]]
  digest = "1:0be1a2e7b38f30bf4f38209fed6ec8c4aaab43c914341e29e8718d401cfd5faa"
  name = "github.com/hashicorp/go-getter"
  packages = [
    ".",
    "helper/url",
  ]
  pruneopts = "NUT"
  revision = "f9ec369200fd2163b8f452e5e45696d83ae3f4b6"
  version = "v1.3.0"

[[projects]]
  digest = "1:2d5c50fd90deb2a3f75e344a2363b675999726f8c6ca9d23821ef3caa1e7948e"
  name = "github.com/hashicorp/go-hclog"
  packages = ["."]
  pruneopts = "NUT"
  revision = "5ccdce08c75b6c7b37af61159f13f6a4f5e2e928"
  version = "v0.9.2"

[[projects]]
  digest = "1:2ed138049ab373f696db2081ca48f15c5abdf20893803612a284f2bdce2bf443"
  name = "github.com/hashicorp/go-multierror"
  packages = ["."]
  pruneopts = "NUT"
  revision = "886a7fbe3eb1c874d46f623bfa70af45f425b3d1"
  version = "v1.0.0"

[[projects]]
  digest = "1:446e0a4f73191887866ac789d1fd210e3408bb8eb8aeaf199d5f3a73ff63c108"
  name = "github.com/hashicorp/go-plugin"
  packages = [
    ".",
    "internal/plugin",
  ]
  pruneopts = "NUT"
  revision = "9e3e1c37db188a1acb66561ee0ed4bf4d5e77554"
  version = "v1.0.1"

[[projects]]
  digest = "1:fbab03227343a0285fc74a68dd2ff46cda7edecbbe5a3e98d2cecd00cc67b217"
  name = "github.com/hashicorp/go-safetemp"
  packages = ["."]
  pruneopts = "NUT"
  revision = "c9a55de4fe06c920a71964b53cfe3dd293a3c743"
  version = "v1.0.0"

[[projects]]
  digest = "1:6876abc0847343a3e222ebd074431ff7102ce215087c797be0562e9e21e24db4"
  name = "github.com/hashicorp/go-uuid"
  packages = ["."]
  pruneopts = "NUT"
  revision = "4f571afc59f3043a65f8fe6bf46d887b10a01d43"
  version = "v1.0.1"

[[projects]]
  digest = "1:53a4ebb0e1eb24a4644a3eec9457ba6ead5476a9ea5af43bf2c8b8b1a8ce47f2"
  name = "github.com/hashicorp/go-version"
  packages = ["."]
  pruneopts = "NUT"
  revision = "ac23dc3fea5d1a983c43f6a0f6e2c13f0195d8bd"
  version = "v1.2.0"

[[projects]]
  digest = "1:67474f760e9ac3799f740db2c489e6423a4cde45520673ec123ac831ad849cb8"
  name = "github.com/hashicorp/golang-lru"
  packages = ["simplelru"]
  pruneopts = "NUT"
  revision = "7087cb70de9f7a8bc0a10c375cb0d2280a8edf9c"
  version = "v0.5.1"

[[projects]]
  digest = "1:39f543569bf189e228c84a294c50aca8ea56c82b3d9df5c9b788249907d7049a"
  name = "github.com/hashicorp/hcl"
  packages = [
    ".",
    "hcl/ast",
    "hcl/parser",
    "hcl/scanner",
    "hcl/strconv",
    "hcl/token",
    "json/parser",
    "json/scanner",
    "json/token",
  ]
  pruneopts = "NUT"
  revision = "8cb6e5b959231cc1119e43259c4a608f9c51a241"
  version = "v1.0.0"

[[projects]]
  branch = "master"
  digest = "1:c4ccd87c7bc1894351fbc2dcdbc07b8a127677d1130e0e98496b58ffe07dc081"
  name = "github.com/hashicorp/hcl2"
  packages = [
    "ext/dynblock",
    "ext/typeexpr",
    "gohcl",
    "hcl",
    "hcl/hclsyntax",
    "hcl/json",
    "hcldec",
    "hcled",
    "hclparse",
    "hclwrite",
  ]
  pruneopts = "NUT"
  revision = "5b39d9ff3a9a746a3cdfcda7c97c3bb070a960f9"

[[projects]]
  branch = "master"
  digest = "1:1459d04771adbcf617748799dee663638b5b2a92af215efcb9e66ce5ec10cd7a"
  name = "github.com/hashicorp/hil"
  packages = [
    ".",
    "ast",
    "parser",
    "scanner",
  ]
  pruneopts = "NUT"
  revision = "97b3a9cdfa9349086cfad7ea2fe3165bfe3cbf63"

[[projects]]
  digest = "1:9e12c5649c4b1a47e113593d61acf2eb131dad59fea70a05111a89fa4aead0ee"
  name = "github.com/hashicorp/logutils"
  packages = ["."]
  pruneopts = "NUT"
  revision = "a335183dfd075f638afcc820c90591ca3c97eba6"
  version = "v1.0.0"

[[projects]]
  digest = "1:dc24633826d80cb08ca1b914f31038841196910b0918e6506679a856b2a3edc5"
  name = "github.com/hashicorp/terraform"
  packages = [
    "addrs",
    "command/format",
    "config",
    "config/hcl2shim",
    "config/module",
    "configs",
    "configs/configload",
    "configs/configschema",
    "dag",
    "flatmap",
    "helper/config",
    "helper/didyoumean",
    "helper/hashcode",
    "helper/hilmapstructure",
    "helper/logging",
    "helper/plugin",
    "helper/resource",
    "helper/schema",
    "helper/structure",
    "helper/validation",
    "httpclient",
    "internal/earlyconfig",
    "internal/initwd",
    "internal/modsdir",
    "internal/tfplugin5",
    "lang",
    "lang/blocktoattr",
    "lang/funcs",
    "moduledeps",
    "plans",
    "plans/objchange",
    "plugin",
    "plugin/convert",
    "plugin/discovery",
    "providers",
    "provisioners",
    "registry",
    "registry/regsrc",
    "registry/response",
    "states",
    "states/statefile",
    "svchost",
    "svchost/auth",
    "svchost/disco",
    "terraform",
    "tfdiags",
    "version",
  ]
  pruneopts = "NUT"
  revision = "f17247d3d269eb930e04123e5e03252cd4ec43c6"
  version = "v0.12.4"

[[projects]]
  branch = "master"
  digest = "1:edadaf345cfd25b5e3284ed7e602f910e4c617e80dcb2a355e6c8cd9ece51ab9"
  name = "github.com/hashicorp/terraform-config-inspect"
  packages = ["tfconfig"]
  pruneopts = "NUT"
  revision = "9c24e68f3f10238d324bea9c06692fa6cf2e0b8b"

[[projects]]
  branch = "master"
  digest = "1:8deb0c5545c824dfeb0ac77ab8eb67a3d541eab76df5c85ce93064ef02d44cd0"
  name = "github.com/hashicorp/yamux"
  packages = ["."]
  pruneopts = "NUT"
  revision = "2f1d1f20f75d5404f53b9edf6b53ed5505508675"

[[projects]]
  branch = "master"
  digest = "1:d5de2be74ab51b36adc21d1ce6b7c934d3188b70b6b1aae06491a2a9bf808850"
  name = "github.com/jinzhu/copier"
  packages = ["."]
  pruneopts = "NUT"
  revision = "976e0346caa839d22a17f8031a96bcd0870c0128"

[[projects]]
  digest = "1:1f2aebae7e7c856562355ec0198d8ca2fa222fb05e5b1b66632a1fce39631885"
  name = "github.com/jmespath/go-jmespath"
  packages = ["."]
  pruneopts = "NUT"
  revision = "c2b33e84"

[[projects]]
  branch = "master"
  digest = "1:60c741c479e6290f44007cc6bd3269aa61ba1f137a87477661a5e4f5ad5c91db"
  name = "github.com/kublr/govcloudair"
  packages = [
    ".",
    "types/v56",
  ]
  pruneopts = "NUT"
  revision = "fa02c01f00a2961bfa01391cadff872f1921518c"

[[projects]]
  digest = "1:08c231ec84231a7e23d67e4b58f975e1423695a32467a362ee55a803f9de8061"
  name = "github.com/mattn/go-colorable"
  packages = ["."]
  pruneopts = "NUT"
  revision = "167de6bfdfba052fa6b2d3664c8f5272e23c9072"
  version = "v0.0.9"

[[projects]]
  digest = "1:666428435471609937bd13f56e2e31501b5660ffc44a786cf2217dc53291a604"
  name = "github.com/mattn/go-isatty"
  packages = ["."]
  pruneopts = "NUT"
  revision = "1311e847b0cb909da63b5fecfb5370aa66236465"
  version = "v0.0.8"

[[projects]]
  digest = "1:874dbb1944c970cb6c5c683cc947b7a849b5fb2e6bdce41b1f95b3187916ed4b"
  name = "github.com/mitchellh/cli"
  packages = ["."]
  pruneopts = "NUT"
  revision = "3d22a244be8aa6fb16ac24af0e195c08b7d973aa"
  version = "v1.0.0"

[[projects]]
  branch = "master"
  digest = "1:58ed95018a7eb9f94125846e7cf1f12843c0d46308e9a7a6a58e895270da5b99"
  name = "github.com/mitchellh/colorstring"
  packages = ["."]
  pruneopts = "NUT"
  revision = "d06e56a500db4d08c33db0b79461e7c9beafca2d"

[[projects]]
  digest = "1:1e5a8bf6fb005f1808852ad1a4bedb7b4b3291af90dec12c4c9e4a955a42c9b2"
  name = "github.com/mitchellh/copystructure"
  packages = ["."]
  pruneopts = "NUT"
  revision = "9a1b6f44e8da0e0e374624fb0a825a231b00c537"
  version = "v1.0.0"

[[projects]]
  digest = "1:f9f72e583aaacf1d1ac5d6121abd4afd3c690baa9e14e1d009df26bf831ba347"
  name = "github.com/mitchellh/go-homedir"
  packages = ["."]
  pruneopts = "NUT"
  revision = "af06845cf3004701891bf4fdb884bfe4920b3727"
  version = "v1.1.0"

[[projects]]
  digest = "1:18b773b92ac82a451c1276bd2776c1e55ce057ee202691ab33c8d6690efcc048"
  name = "github.com/mitchellh/go-testing-interface"
  packages = ["."]
  pruneopts = "NUT"
  revision = "6d0b8010fcc857872e42fc6c931227569016843c"
  version = "v1.0.0"

[[projects]]
  digest = "1:9f63926f52745d1f9d6053f8fbbb3bd3983c2c97c0565957e682b8d2f7aad3af"
  name = "github.com/mitchellh/go-wordwrap"
  packages = ["."]
  pruneopts = "NUT"
  revision = "9e67c67572bc5dd02aef930e2b0ae3c02a4b5a5c"
  version = "v1.0.0"

[[projects]]
  digest = "1:e34decedbcec12332c5836d16a6838f864e0b43c5b4f9aa9d9a85101015f87c2"
  name = "github.com/mitchellh/hashstructure"
  packages = ["."]
  pruneopts = "NUT"
  revision = "a38c50148365edc8df43c1580c48fb2b3a1e9cd7"
  version = "v1.0.0"

[[projects]]
  digest = "1:a45ae66dea4c899d79fceb116accfa1892105c251f0dcd9a217ddc276b42ec68"
  name = "github.com/mitchellh/mapstructure"
  packages = ["."]
  pruneopts = "NUT"
  revision = "3536a929edddb9a5b34bd6861dc4a9647cb459fe"
  version = "v1.1.2"

[[projects]]
  digest = "1:bb676c5bf47f2159355d464cec0aba0af54140789768e5b1a74dbb68452c5aee"
  name = "github.com/mitchellh/reflectwalk"
  packages = ["."]
  pruneopts = "NUT"
  revision = "3e2c75dfad4fbf904b58782a80fd595c760ad185"
  version = "v1.0.1"

[[projects]]
  digest = "1:3b517122f3aad1ecce45a630ea912b3092b4729f25532a911d0cb2935a1f9352"
  name = "github.com/oklog/run"
  packages = ["."]
  pruneopts = "NUT"
  revision = "4dadeb3030eda0273a12382bb2348ffc7c9d1a39"
  version = "v1.0.0"

[[projects]]
  digest = "1:14715f705ff5dfe0ffd6571d7d201dd8e921030f8070321a79380d8ca4ec1a24"
  name = "github.com/pkg/errors"
  packages = ["."]
  pruneopts = "NUT"
  revision = "ba968bfe8b2f7e042a574c888954fccecfa385b4"
  version = "v0.8.1"

[[projects]]
  digest = "1:c359cc663b8180bc03e78ee9faea32b4e519b21c21ad168b3699c477c440a095"
  name = "github.com/posener/complete"
  packages = [
    ".",
    "cmd",
    "cmd/install",
    "match",
  ]
  pruneopts = "NUT"
  revision = "3ef9b31a6a0613ae832e7ecf208374027c3b2343"
  version = "v1.2.1"

[[projects]]
  digest = "1:6bc0652ea6e39e22ccd522458b8bdd8665bf23bdc5a20eec90056e4dc7e273ca"
  name = "github.com/satori/go.uuid"
  packages = ["."]
  pruneopts = "NUT"
  revision = "f58768cc1a7a7e77a3bd49e98cdd21419399b6a3"
  version = "v1.2.0"

[[projects]]
  digest = "1:6792bb72ea0e7112157d02e4e175cd421b43d004a853f56316a19beca6e0c074"
  name = "github.com/spf13/afero"
  packages = [
    ".",
    "mem",
  ]
  pruneopts = "NUT"
  revision = "588a75ec4f32903aa5e39a2619ba6a4631e28424"
  version = "v1.2.2"

[[projects]]
  digest = "1:5f252b001e9573efb54ffae53b96bb5bfa4963afec4f35d607121ebb4a4dff81"
  name = "github.com/ulikunitz/xz"
  packages = [
    ".",
    "internal/hash",
    "internal/xlog",
    "lzma",
  ]
  pruneopts = "NUT"
  revision = "6f934d456d51e742b4eeab20d925a827ef22320a"
  version = "v0.5.6"

[[projects]]
  digest = "1:7b53b0dc47189877f83010e487f64ea26eea397e0846fce2068a0f7f8bae275f"
  name = "github.com/vmihailenco/msgpack"
  packages = [
    ".",
    "codes",
  ]
  pruneopts = "NUT"
  revision = "c2fc210f30a2aca9db880cc017a92c169c999253"
  version = "v4.0.4"

[[projects]]
  branch = "master"
  digest = "1:930282caabe5c7a76835159409d95ebe42bbd25b6bb14e2f31eb57e2c5d703a0"
  name = "github.com/zclconf/go-cty"
  packages = [
    "cty",
    "cty/convert",
    "cty/function",
    "cty/function/stdlib",
    "cty/gocty",
    "cty/json",
    "cty/msgpack",
    "cty/set",
  ]
  pruneopts = "NUT"
  revision = "19588f92a98fd5b19bc0f475ff55fb7c4e1bd1a1"

[[projects]]
  digest = "1:9ff06ffacc2ed2e1cb8917eedf238cfe235a113bbc3d474a55316a03fe9546b5"
  name = "github.com/zclconf/go-cty-yaml"
  packages = ["."]
  pruneopts = "NUT"
  revision = "fbabe99bb1c897a56ed70103a40aa94fc50a7104"
  version = "v0.1.0"

[[projects]]
  digest = "1:389349011e4eb001d6a0447c9eb837d5388cd131f27b5ddb13a73682605a0e65"
  name = "go.opencensus.io"
  packages = [
    ".",
    "internal",
    "internal/tagencoding",
    "metric/metricdata",
    "metric/metricproducer",
    "plugin/ochttp",
    "plugin/ochttp/propagation/b3",
    "resource",
    "stats",
    "stats/internal",
    "stats/view",
    "tag",
    "trace",
    "trace/internal",
    "trace/propagation",
    "trace/tracestate",
  ]
  pruneopts = "NUT"
  revision = "9c377598961b706d1542bd2d84d538b5094d596e"
  version = "v0.22.0"

[[projects]]
  branch = "master"
  digest = "1:34d91aeebfd347c9c9175f5b4ec9790074c80042b23d1436c3a9e16cffb44c23"
  name = "golang.org/x/crypto"
  packages = [
    "bcrypt",
    "blowfish",
    "cast5",
    "openpgp",
    "openpgp/armor",
    "openpgp/elgamal",
    "openpgp/errors",
    "openpgp/packet",
    "openpgp/s2k",
  ]
  pruneopts = "NUT"
  revision = "4def268fd1a49955bfb3dda92fe3db4f924f2285"

[[projects]]
  branch = "master"
  digest = "1:5578b99717f08e6480d7e0480f758749c12f9cc5da19a33a863dc7307fd699fb"
  name = "golang.org/x/net"
  packages = [
    "context",
    "context/ctxhttp",
    "http/httpguts",
    "http2",
    "http2/hpack",
    "idna",
    "internal/timeseries",
    "trace",
  ]
  pruneopts = "NUT"
  revision = "da137c7871d730100384dbcf36e6f8fa493aef5b"

[[projects]]
  branch = "master"
  digest = "1:1519760444b90c560eb01373869bc66fd539e6fe1bf77af22047c43edc40ab35"
  name = "golang.org/x/oauth2"
  packages = [
    ".",
    "google",
    "internal",
    "jws",
    "jwt",
  ]
  pruneopts = "NUT"
  revision = "0f29369cfe4552d0e4bcddc57cc75f4d7e672a33"

[[projects]]
  branch = "master"
  digest = "1:bb6558a561342135a238cd902dad0c674abf754e97a06a0acd2201e2eb105226"
  name = "golang.org/x/sys"
  packages = ["unix"]
  pruneopts = "NUT"
  revision = "fae7ac547cb717d141c433a2a173315e216b64c4"

[[projects]]
  digest = "1:8d8faad6b12a3a4c819a3f9618cb6ee1fa1cfc33253abeeea8b55336721e3405"
  name = "golang.org/x/text"
  packages = [
    "collate",
    "collate/build",
    "internal/colltab",
    "internal/gen",
    "internal/language",
    "internal/language/compact",
    "internal/tag",
    "internal/triegen",
    "internal/ucd",
    "language",
    "secure/bidirule",
    "transform",
    "unicode/bidi",
    "unicode/cldr",
    "unicode/norm",
    "unicode/rangetable",
  ]
  pruneopts = "NUT"
  revision = "342b2e1fbaa52c93f31447ad2c6abc048c63e475"
  version = "v0.3.2"

[[projects]]
  digest = "1:6341e9ed4f7c5f52746142c7671d8b337412837de7e8595a9f185dd47abba31c"
  name = "google.golang.org/api"
  packages = [
    "gensupport",
    "googleapi",
    "googleapi/internal/uritemplates",
    "googleapi/transport",
    "internal",
    "iterator",
    "option",
    "storage/v1",
    "transport/http",
    "transport/http/internal/propagation",
  ]
  pruneopts = "NUT"
  revision = "02490b97dff7cfde1995bd77de808fd27053bc87"
  version = "v0.7.0"

[[projects]]
  digest = "1:c8d51de3ace21d40a3336f7371f3c957a2df0d4dba733ab2130dc4cadce31a7e"
  name = "google.golang.org/appengine"
  packages = [
    ".",
    "datastore",
    "datastore/internal/cloudkey",
    "datastore/internal/cloudpb",
    "internal",
    "internal/app_identity",
    "internal/base",
    "internal/datastore",
    "internal/log",
    "internal/modules",
    "internal/remote_api",
    "internal/urlfetch",
    "urlfetch",
  ]
  pruneopts = "NUT"
  revision = "b2f4a3cf3c67576a2ee09e1fe62656a5086ce880"
  version = "v1.6.1"

[[projects]]
  branch = "master"
  digest = "1:beacbe474eb0d6ce778f0dd42150a1b48f5648339c9a28149dcf3a218272cb99"
  name = "google.golang.org/genproto"
  packages = [
    "googleapis/api/annotations",
    "googleapis/iam/v1",
    "googleapis/rpc/code",
    "googleapis/rpc/status",
    "googleapis/type/expr",
  ]
  pruneopts = "NUT"
  revision = "c506a9f9061087022822e8da603a52fc387115a8"

[[projects]]
  digest = "1:aa28d16c352a1b79da265a380dffff940eec59d96b061167c6a013cab6a96e35"
  name = "google.golang.org/grpc"
  packages = [
    ".",
    "balancer",
    "balancer/base",
    "balancer/roundrobin",
    "binarylog/grpc_binarylog_v1",
    "codes",
    "connectivity",
    "credentials",
    "credentials/internal",
    "encoding",
    "encoding/proto",
    "grpclog",
    "health",
    "health/grpc_health_v1",
    "internal",
    "internal/backoff",
    "internal/balancerload",
    "internal/binarylog",
    "internal/channelz",
    "internal/envconfig",
    "internal/grpcrand",
    "internal/grpcsync",
    "internal/syscall",
    "internal/transport",
    "keepalive",
    "metadata",
    "naming",
    "peer",
    "resolver",
    "resolver/dns",
    "resolver/passthrough",
    "serviceconfig",
    "stats",
    "status",
    "tap",
    "test/bufconn",
  ]
  pruneopts = "NUT"
  revision = "1d89a3c832915b2314551c1d2a506874d62e53f7"
  version = "v1.22.0"

[solve-meta]
  analyzer-name = "dep"
  analyzer-version = 1
  input-imports = [
    "github.com/alecthomas/units",
    "github.com/hashicorp/terraform/helper/hashcode",
    "github.com/hashicorp/terraform/helper/resource",
    "github.com/hashicorp/terraform/helper/schema",
    "github.com/hashicorp/terraform/helper/validation",
    "github.com/hashicorp/terraform/plugin",
    "github.com/hashicorp/terraform/terraform",
    "github.com/kublr/govcloudair",
    "github.com/kublr/govcloudair/types/v56",
    "github.com/pkg/errors",
  ]
  solver-name = "gps-cdcl"
  solver-version = 1
